PODS:
  - Hakawai (6.0.1):
    - Hakawai/Core (= 6.0.1)
    - Hakawai/Mentions (= 6.0.1)
  - Hakawai/Core (6.0.1)
  - Hakawai/Mentions (6.0.1):
    - Hakawai/Core
  - SZMentionsSwift (2.0.5)

DEPENDENCIES:
  - Hakawai (from `https://github.com/YoungheeJang/Hakawai.git`, branch `develop`)
  - SZMentionsSwift (from `https://github.com/YoungheeJang/SZMentionsSwift.git`, branch `develop`)

EXTERNAL SOURCES:
  Hakawai:
    :branch: develop
    :git: https://github.com/YoungheeJang/Hakawai.git
  SZMentionsSwift:
    :branch: develop
    :git: https://github.com/YoungheeJang/SZMentionsSwift.git

CHECKOUT OPTIONS:
  Hakawai:
    :commit: 37aaff48ae2d2f516650dd354129d61b5c54c80c
    :git: https://github.com/YoungheeJang/Hakawai.git
  SZMentionsSwift:
    :commit: 6254fa20d75396f0d1725929473d76ad185c7c07
    :git: https://github.com/YoungheeJang/SZMentionsSwift.git

SPEC CHECKSUMS:
  Hakawai: eddcbda7129ac1a7fbab9fc4ff90ad930e790f7f
  SZMentionsSwift: fd115a549032032706419e7d46ff0a7b58d288a2

PODFILE CHECKSUM: 26f500cd51ba3bb59f3c660346b3cd2e25315f9e

COCOAPODS: 1.5.3
